// !$*UTF8*$!
{
	archiveVersion = 1;
	classes = {
	};
	objectVersion = 55;
	objects = {

/* Begin PBXBuildFile section */
		C3E90C87273814A8004EDE69 /* AppDelegate.swift in Sources */ = {isa = PBXBuildFile; fileRef = C3E90C86273814A8004EDE69 /* AppDelegate.swift */; };
		C3E90C89273814A8004EDE69 /* SceneDelegate.swift in Sources */ = {isa = PBXBuildFile; fileRef = C3E90C88273814A8004EDE69 /* SceneDelegate.swift */; };
		C3E90C8E273814A8004EDE69 /* Main.storyboard in Resources */ = {isa = PBXBuildFile; fileRef = C3E90C8C273814A8004EDE69 /* Main.storyboard */; };
		C3E90C90273814AA004EDE69 /* Assets.xcassets in Resources */ = {isa = PBXBuildFile; fileRef = C3E90C8F273814AA004EDE69 /* Assets.xcassets */; };
		C3E90C93273814AA004EDE69 /* LaunchScreen.storyboard in Resources */ = {isa = PBXBuildFile; fileRef = C3E90C91273814AA004EDE69 /* LaunchScreen.storyboard */; };
		C3E90C9B273817F0004EDE69 /* TableViewController.swift in Sources */ = {isa = PBXBuildFile; fileRef = C3E90C9A273817F0004EDE69 /* TableViewController.swift */; };
		C3E90C9D27381825004EDE69 /* AddViewController.swift in Sources */ = {isa = PBXBuildFile; fileRef = C3E90C9C27381825004EDE69 /* AddViewController.swift */; };
		C3E90C9F27381834004EDE69 /* DetailViewController.swift in Sources */ = {isa = PBXBuildFile; fileRef = C3E90C9E27381834004EDE69 /* DetailViewController.swift */; };
		C3E90CA32738193E004EDE69 /* cart.png in Resources */ = {isa = PBXBuildFile; fileRef = C3E90CA02738193E004EDE69 /* cart.png */; };
		C3E90CA42738193E004EDE69 /* pencil.png in Resources */ = {isa = PBXBuildFile; fileRef = C3E90CA12738193E004EDE69 /* pencil.png */; };
		C3E90CA52738193E004EDE69 /* clock.png in Resources */ = {isa = PBXBuildFile; fileRef = C3E90CA22738193E004EDE69 /* clock.png */; };
/* End PBXBuildFile section */

/* Begin PBXFileReference section */
		C3E90C83273814A8004EDE69 /* tableViewTest.app */ = {isa = PBXFileReference; explicitFileType = wrapper.application; includeInIndex = 0; path = tableViewTest.app; sourceTree = BUILT_PRODUCTS_DIR; };
		C3E90C86273814A8004EDE69 /* AppDelegate.swift */ = {isa = PBXFileReference; lastKnownFileType = sourcecode.swift; path = AppDelegate.swift; sourceTree = "<group>"; };
		C3E90C88273814A8004EDE69 /* SceneDelegate.swift */ = {isa = PBXFileReference; lastKnownFileType = sourcecode.swift; path = SceneDelegate.swift; sourceTree = "<group>"; };
		C3E90C8D273814A8004EDE69 /* Base */ = {isa = PBXFileReference; lastKnownFileType = file.storyboard; name = Base; path = Base.lproj/Main.storyboard; sourceTree = "<group>"; };
		C3E90C8F273814AA004EDE69 /* Assets.xcassets */ = {isa = PBXFileReference; lastKnownFileType = folder.assetcatalog; path = Assets.xcassets; sourceTree = "<group>"; };
		C3E90C92273814AA004EDE69 /* Base */ = {isa = PBXFileReference; lastKnownFileType = file.storyboard; name = Base; path = Base.lproj/LaunchScreen.storyboard; sourceTree = "<group>"; };
		C3E90C94273814AA004EDE69 /* Info.plist */ = {isa = PBXFileReference; lastKnownFileType = text.plist.xml; path = Info.plist; sourceTree = "<group>"; };
		C3E90C9A273817F0004EDE69 /* TableViewController.swift */ = {isa = PBXFileReference; lastKnownFileType = sourcecode.swift; path = TableViewController.swift; sourceTree = "<group>"; };
		C3E90C9C27381825004EDE69 /* AddViewController.swift */ = {isa = PBXFileReference; lastKnownFileType = sourcecode.swift; path = AddViewController.swift; sourceTree = "<group>"; };
		C3E90C9E27381834004EDE69 /* DetailViewController.swift */ = {isa = PBXFileReference; lastKnownFileType = sourcecode.swift; path = DetailViewController.swift; sourceTree = "<group>"; };
		C3E90CA02738193E004EDE69 /* cart.png */ = {isa = PBXFileReference; lastKnownFileType = image.png; path = cart.png; sourceTree = "<group>"; };
		C3E90CA12738193E004EDE69 /* pencil.png */ = {isa = PBXFileReference; lastKnownFileType = image.png; path = pencil.png; sourceTree = "<group>"; };
		C3E90CA22738193E004EDE69 /* clock.png */ = {isa = PBXFileReference; lastKnownFileType = image.png; path = clock.png; sourceTree = "<group>"; };
/* End PBXFileReference section */

/* Begin PBXFrameworksBuildPhase section */
		C3E90C80273814A8004EDE69 /* Frameworks */ = {
			isa = PBXFrameworksBuildPhase;
			buildActionMask = 2147483647;
			files = (
			);
			runOnlyForDeploymentPostprocessing = 0;
		};
/* End PBXFrameworksBuildPhase section */

/* Begin PBXGroup section */
		C3E90C7A273814A8004EDE69 = {
			isa = PBXGroup;
			children = (
				C3E90C85273814A8004EDE69 /* tableViewTest */,
				C3E90C84273814A8004EDE69 /* Products */,
			);
			sourceTree = "<group>";
		};
		C3E90C84273814A8004EDE69 /* Products */ = {
			isa = PBXGroup;
			children = (
				C3E90C83273814A8004EDE69 /* tableViewTest.app */,
			);
			name = Products;
			sourceTree = "<group>";
		};
		C3E90C85273814A8004EDE69 /* tableViewTest */ = {
			isa = PBXGroup;
			children = (
				C3E90CA02738193E004EDE69 /* cart.png */,
				C3E90CA22738193E004EDE69 /* clock.png */,
				C3E90CA12738193E004EDE69 /* pencil.png */,
				C3E90C86273814A8004EDE69 /* AppDelegate.swift */,
				C3E90C88273814A8004EDE69 /* SceneDelegate.swift */,
				C3E90C8C273814A8004EDE69 /* Main.storyboard */,
				C3E90C9C27381825004EDE69 /* AddViewController.swift */,
				C3E90C9E27381834004EDE69 /* DetailViewController.swift */,
				C3E90C9A273817F0004EDE69 /* TableViewController.swift */,
				C3E90C8F273814AA004EDE69 /* Assets.xcassets */,
				C3E90C91273814AA004EDE69 /* LaunchScreen.storyboard */,
				C3E90C94273814AA004EDE69 /* Info.plist */,
			);
			path = tableViewTest;
			sourceTree = "<group>";
		};
/* End PBXGroup section */

/* Begin PBXNativeTarget section */
		C3E90C82273814A8004EDE69 /* tableViewTest */ = {
			isa = PBXNativeTarget;
			buildConfigurationList = C3E90C97273814AA004EDE69 /* Build configuration list for PBXNativeTarget "tableViewTest" */;
			buildPhases = (
				C3E90C7F273814A8004EDE69 /* Sources */,
				C3E90C80273814A8004EDE69 /* Frameworks */,
				C3E90C81273814A8004EDE69 /* Resources */,
			);
			buildRules = (
			);
			dependencies = (
			);
			name = tableViewTest;
			productName = tableViewTest;
			productReference = C3E90C83273814A8004EDE69 /* tableViewTest.app */;
			productType = "com.apple.product-type.application";
		};
/* End PBXNativeTarget section */

/* Begin PBXProject section */
		C3E90C7B273814A8004EDE69 /* Project object */ = {
			isa = PBXProject;
			attributes = {
				BuildIndependentTargetsInParallel = 1;
				LastSwiftUpdateCheck = 1300;
				LastUpgradeCheck = 1300;
				TargetAttributes = {
					C3E90C82273814A8004EDE69 = {
						CreatedOnToolsVersion = 13.0;
					};
				};
			};
			buildConfigurationList = C3E90C7E273814A8004EDE69 /* Build configuration list for PBXProject "tableViewTest" */;
			compatibilityVersion = "Xcode 13.0";
			developmentRegion = en;
			hasScannedForEncodings = 0;
			knownRegions = (
				en,
				Base,
			);
			mainGroup = C3E90C7A273814A8004EDE69;
			productRefGroup = C3E90C84273814A8004EDE69 /* Products */;
			projectDirPath = "";
			projectRoot = "";
			targets = (
				C3E90C82273814A8004EDE69 /* tableViewTest */,
			);
		};
/* End PBXProject section */

/* Begin PBXResourcesBuildPhase section */
		C3E90C81273814A8004EDE69 /* Resources */ = {
			isa = PBXResourcesBuildPhase;
			buildActionMask = 2147483647;
			files = (
				C3E90CA52738193E004EDE69 /* clock.png in Resources */,
				C3E90CA42738193E004EDE69 /* pencil.png in Resources */,
				C3E90C93273814AA004EDE69 /* LaunchScreen.storyboard in Resources */,
				C3E90CA32738193E004EDE69 /* cart.png in Resources */,
				C3E90C90273814AA004EDE69 /* Assets.xcassets in Resources */,
				C3E90C8E273814A8004EDE69 /* Main.storyboard in Resources */,
			);
			runOnlyForDeploymentPostprocessing = 0;
		};
/* End PBXResourcesBuildPhase section */

/* Begin PBXSourcesBuildPhase section */
		C3E90C7F273814A8004EDE69 /* Sources */ = {
			isa = PBXSourcesBuildPhase;
			buildActionMask = 2147483647;
			files = (
				C3E90C87273814A8004EDE69 /* AppDelegate.swift in Sources */,
				C3E90C9B273817F0004EDE69 /* TableViewController.swift in Sources */,
				C3E90C9F27381834004EDE69 /* DetailViewController.swift in Sources */,
				C3E90C9D27381825004EDE69 /* AddViewController.swift in Sources */,
				C3E90C89273814A8004EDE69 /* SceneDelegate.swift in Sources */,
			);
			runOnlyForDeploymentPostprocessing = 0;
		};
/* End PBXSourcesBuildPhase section */

/* Begin PBXVariantGroup section */
		C3E90C8C273814A8004EDE69 /* Main.storyboard */ = {
			isa = PBXVariantGroup;
			children = (
				C3E90C8D273814A8004EDE69 /* Base */,
			);
			name = Main.storyboard;
			sourceTree = "<group>";
		};
		C3E90C91273814AA004EDE69 /* LaunchScreen.storyboard */ = {
			isa = PBXVariantGroup;
			children = (
				C3E90C92273814AA004EDE69 /* Base */,
			);
			name = LaunchScreen.storyboard;
			sourceTree = "<group>";
		};
/* End PBXVariantGroup section */

/* Begin XCBuildConfiguration section */
		C3E90C95273814AA004EDE69 /* Debug */ = {
			isa = XCBuildConfiguration;
			buildSettings = {
				ALWAYS_SEARCH_USER_PATHS = NO;
				CLANG_ANALYZER_NONNULL = YES;
				CLANG_ANALYZER_NUMBER_OBJECT_CONVERSION = YES_AGGRESSIVE;
				CLANG_CXX_LANGUAGE_STANDARD = "gnu++17";
				CLANG_CXX_LIBRARY = "libc++";
				CLANG_ENABLE_MODULES = YES;
				CLANG_ENABLE_OBJC_ARC = YES;
				CLANG_ENABLE_OBJC_WEAK = YES;
				CLANG_WARN_BLOCK_CAPTURE_AUTORELEASING = YES;
				CLANG_WARN_BOOL_CONVERSION = YES;
				CLANG_WARN_COMMA = YES;
				CLANG_WARN_CONSTANT_CONVERSION = YES;
				CLANG_WARN_DEPRECATED_OBJC_IMPLEMENTATIONS = YES;
				CLANG_WARN_DIRECT_OBJC_ISA_USAGE = YES_ERROR;
				CLANG_WARN_DOCUMENTATION_COMMENTS = YES;
				CLANG_WARN_EMPTY_BODY = YES;
				CLANG_WARN_ENUM_CONVERSION = YES;
				CLANG_WARN_INFINITE_RECURSION = YES;
				CLANG_WARN_INT_CONVERSION = YES;
				CLANG_WARN_NON_LITERAL_NULL_CONVERSION = YES;
				CLANG_WARN_OBJC_IMPLICIT_RETAIN_SELF = YES;
				CLANG_WARN_OBJC_LITERAL_CONVERSION = YES;
				CLANG_WARN_OBJC_ROOT_CLASS = YES_ERROR;
				CLANG_WARN_QUOTED_INCLUDE_IN_FRAMEWORK_HEADER = YES;
				CLANG_WARN_RANGE_LOOP_ANALYSIS = YES;
				CLANG_WARN_STRICT_PROTOTYPES = YES;
				CLANG_WARN_SUSPICIOUS_MOVE = YES;
				CLANG_WARN_UNGUARDED_AVAILABILITY = YES_AGGRESSIVE;
				CLANG_WARN_UNREACHABLE_CODE = YES;
				CLANG_WARN__DUPLICATE_METHOD_MATCH = YES;
				COPY_PHASE_STRIP = NO;
				DEBUG_INFORMATION_FORMAT = dwarf;
				ENABLE_STRICT_OBJC_MSGSEND = YES;
				ENABLE_TESTABILITY = YES;
				GCC_C_LANGUAGE_STANDARD = gnu11;
				GCC_DYNAMIC_NO_PIC = NO;
				GCC_NO_COMMON_BLOCKS = YES;
				GCC_OPTIMIZATION_LEVEL = 0;
				GCC_PREPROCESSOR_DEFINITIONS = (
					"DEBUG=1",
					"$(inherited)",
				);
				GCC_WARN_64_TO_32_BIT_CONVERSION = YES;
				GCC_WARN_ABOUT_RETURN_TYPE = YES_ERROR;
				GCC_WARN_UNDECLARED_SELECTOR = YES;
				GCC_WARN_UNINITIALIZED_AUTOS = YES_AGGRESSIVE;
				GCC_WARN_UNUSED_FUNCTION = YES;
				GCC_WARN_UNUSED_VARIABLE = YES;
				IPHONEOS_DEPLOYMENT_TARGET = 15.0;
				MTL_ENABLE_DEBUG_INFO = INCLUDE_SOURCE;
				MTL_FAST_MATH = YES;
				ONLY_ACTIVE_ARCH = YES;
				SDKROOT = iphoneos;
				SWIFT_ACTIVE_COMPILATION_CONDITIONS = DEBUG;
				SWIFT_OPTIMIZATION_LEVEL = "-Onone";
			};
			name = Debug;
		};
		C3E90C96273814AA004EDE69 /* Release */ = {
			isa = XCBuildConfiguration;
			buildSettings = {
				ALWAYS_SEARCH_USER_PATHS = NO;
				CLANG_ANALYZER_NONNULL = YES;
				CLANG_ANALYZER_NUMBER_OBJECT_CONVERSION = YES_AGGRESSIVE;
				CLANG_CXX_LANGUAGE_STANDARD = "gnu++17";
				CLANG_CXX_LIBRARY = "libc++";
				CLANG_ENABLE_MODULES = YES;
				CLANG_ENABLE_OBJC_ARC = YES;
				CLANG_ENABLE_OBJC_WEAK = YES;
				CLANG_WARN_BLOCK_CAPTURE_AUTORELEASING = YES;
				CLANG_WARN_BOOL_CONVERSION = YES;
				CLANG_WARN_COMMA = YES;
				CLANG_WARN_CONSTANT_CONVERSION = YES;
				CLANG_WARN_DEPRECATED_OBJC_IMPLEMENTATIONS = YES;
				CLANG_WARN_DIRECT_OBJC_ISA_USAGE = YES_ERROR;
				CLANG_WARN_DOCUMENTATION_COMMENTS = YES;
				CLANG_WARN_EMPTY_BODY = YES;
				CLANG_WARN_ENUM_CONVERSION = YES;
				CLANG_WARN_INFINITE_RECURSION = YES;
				CLANG_WARN_INT_CONVERSION = YES;
				CLANG_WARN_NON_LITERAL_NULL_CONVERSION = YES;
				CLANG_WARN_OBJC_IMPLICIT_RETAIN_SELF = YES;
				CLANG_WARN_OBJC_LITERAL_CONVERSION = YES;
				CLANG_WARN_OBJC_ROOT_CLASS = YES_ERROR;
				CLANG_WARN_QUOTED_INCLUDE_IN_FRAMEWORK_HEADER = YES;
				CLANG_WARN_RANGE_LOOP_ANALYSIS = YES;
				CLANG_WARN_STRICT_PROTOTYPES = YES;
				CLANG_WARN_SUSPICIOUS_MOVE = YES;
				CLANG_WARN_UNGUARDED_AVAILABILITY = YES_AGGRESSIVE;
				CLANG_WARN_UNREACHABLE_CODE = YES;
				CLANG_WARN__DUPLICATE_METHOD_MATCH = YES;
				COPY_PHASE_STRIP = NO;
				DEBUG_INFORMATION_FORMAT = "dwarf-with-dsym";
				ENABLE_NS_ASSERTIONS = NO;
				ENABLE_STRICT_OBJC_MSGSEND = YES;
				GCC_C_LANGUAGE_STANDARD = gnu11;
				GCC_NO_COMMON_BLOCKS = YES;
				GCC_WARN_64_TO_32_BIT_CONVERSION = YES;
				GCC_WARN_ABOUT_RETURN_TYPE = YES_ERROR;
				GCC_WARN_UNDECLARED_SELECTOR = YES;
				GCC_WARN_UNINITIALIZED_AUTOS = YES_AGGRESSIVE;
				GCC_WARN_UNUSED_FUNCTION = YES;
				GCC_WARN_UNUSED_VARIABLE = YES;
				IPHONEOS_DEPLOYMENT_TARGET = 15.0;
				MTL_ENABLE_DEBUG_INFO = NO;
				MTL_FAST_MATH = YES;
				SDKROOT = iphoneos;
				SWIFT_COMPILATION_MODE = wholemodule;
				SWIFT_OPTIMIZATION_LEVEL = "-O";
				VALIDATE_PRODUCT = YES;
			};
			name = Release;
		};
		C3E90C98273814AA004EDE69 /* Debug */ = {
			isa = XCBuildConfiguration;
			buildSettings = {
				ASSETCATALOG_COMPILER_APPICON_NAME = AppIcon;
				ASSETCATALOG_COMPILER_GLOBAL_ACCENT_COLOR_NAME = AccentColor;
				CODE_SIGN_STYLE = Automatic;
				CURRENT_PROJECT_VERSION = 1;
				DEVELOPMENT_TEAM = Y68P87H2CP;
				GENERATE_INFOPLIST_FILE = YES;
				INFOPLIST_FILE = tableViewTest/Info.plist;
				INFOPLIST_KEY_UIApplicationSupportsIndirectInputEvents = YES;
				INFOPLIST_KEY_UILaunchStoryboardName = LaunchScreen;
				INFOPLIST_KEY_UIMainStoryboardFile = Main;
				INFOPLIST_KEY_UISupportedInterfaceOrientations_iPad = "UIInterfaceOrientationPortrait UIInterfaceOrientationPortraitUpsideDown UIInterfaceOrientationLandscapeLeft UIInterfaceOrientationLandscapeRight";
				INFOPLIST_KEY_UISupportedInterfaceOrientations_iPhone = "UIInterfaceOrientationPortrait UIInterfaceOrientationLandscapeLeft UIInterfaceOrientationLandscapeRight";
				LD_RUNPATH_SEARCH_PATHS = (
					"$(inherited)",
					"@executable_path/Frameworks",
				);
				MARKETING_VERSION = 1.0;
				PRODUCT_BUNDLE_IDENTIFIER = com.mega.tableViewTest;
				PRODUCT_NAME = "$(TARGET_NAME)";
				SWIFT_EMIT_LOC_STRINGS = YES;
				SWIFT_VERSION = 5.0;
				TARGETED_DEVICE_FAMILY = "1,2";
			};
			name = Debug;
		};
		C3E90C99273814AA004EDE69 /* Release */ = {
			isa = XCBuildConfiguration;
			buildSettings = {
				ASSETCATALOG_COMPILER_APPICON_NAME = AppIcon;
				ASSETCATALOG_COMPILER_GLOBAL_ACCENT_COLOR_NAME = AccentColor;
				CODE_SIGN_STYLE = Automatic;
				CURRENT_PROJECT_VERSION = 1;
				DEVELOPMENT_TEAM = Y68P87H2CP;
				GENERATE_INFOPLIST_FILE = YES;
				INFOPLIST_FILE = tableViewTest/Info.plist;
				INFOPLIST_KEY_UIApplicationSupportsIndirectInputEvents = YES;
				INFOPLIST_KEY_UILaunchStoryboardName = LaunchScreen;
				INFOPLIST_KEY_UIMainStoryboardFile = Main;
				INFOPLIST_KEY_UISupportedInterfaceOrientations_iPad = "UIInterfaceOrientationPortrait UIInterfaceOrientationPortraitUpsideDown UIInterfaceOrientationLandscapeLeft UIInterfaceOrientationLandscapeRight";
				INFOPLIST_KEY_UISupportedInterfaceOrientations_iPhone = "UIInterfaceOrientationPortrait UIInterfaceOrientationLandscapeLeft UIInterfaceOrientationLandscapeRight";
				LD_RUNPATH_SEARCH_PATHS = (
					"$(inherited)",
					"@executable_path/Frameworks",
				);
				MARKETING_VERSION = 1.0;
				PRODUCT_BUNDLE_IDENTIFIER = com.mega.tableViewTest;
				PRODUCT_NAME = "$(TARGET_NAME)";
				SWIFT_EMIT_LOC_STRINGS = YES;
				SWIFT_VERSION = 5.0;
				TARGETED_DEVICE_FAMILY = "1,2";
			};
			name = Release;
		};
/* End XCBuildConfiguration section */

/* Begin XCConfigurationList section */
		C3E90C7E273814A8004EDE69 /* Build configuration list for PBXProject "tableViewTest" */ = {
			isa = XCConfigurationList;
			buildConfigurations = (
				C3E90C95273814AA004EDE69 /* Debug */,
				C3E90C96273814AA004EDE69 /* Release */,
			);
			defaultConfigurationIsVisible = 0;
			defaultConfigurationName = Release;
		};
		C3E90C97273814AA004EDE69 /* Build configuration list for PBXNativeTarget "tableViewTest" */ = {
			isa = XCConfigurationList;
			buildConfigurations = (
				C3E90C98273814AA004EDE69 /* Debug */,
				C3E90C99273814AA004EDE69 /* Release */,
			);
			defaultConfigurationIsVisible = 0;
			defaultConfigurationName = Release;
		};
/* End XCConfigurationList section */
	};
	rootObject = C3E90C7B273814A8004EDE69 /* Project object */;
}
