// !$*UTF8*$!
{
	archiveVersion = 1;
	classes = {
	};
	objectVersion = 50;
	objects = {

/* Begin PBXBuildFile section */
		1860218A272B8E7E00BD4D02 /* AppDelegate.swift in Sources */ = {isa = PBXBuildFile; fileRef = 18602189272B8E7E00BD4D02 /* AppDelegate.swift */; };
		1860218C272B8E7E00BD4D02 /* SceneDelegate.swift in Sources */ = {isa = PBXBuildFile; fileRef = 1860218B272B8E7E00BD4D02 /* SceneDelegate.swift */; };
		1860218E272B8E7E00BD4D02 /* ViewController.swift in Sources */ = {isa = PBXBuildFile; fileRef = 1860218D272B8E7E00BD4D02 /* ViewController.swift */; };
		18602191272B8E7E00BD4D02 /* Main.storyboard in Resources */ = {isa = PBXBuildFile; fileRef = 1860218F272B8E7E00BD4D02 /* Main.storyboard */; };
		18602193272B8E7E00BD4D02 /* Assets.xcassets in Resources */ = {isa = PBXBuildFile; fileRef = 18602192272B8E7E00BD4D02 /* Assets.xcassets */; };
		18602196272B8E7E00BD4D02 /* LaunchScreen.storyboard in Resources */ = {isa = PBXBuildFile; fileRef = 18602194272B8E7E00BD4D02 /* LaunchScreen.storyboard */; };
		1860219F272B9D8200BD4D02 /* Page3.swift in Sources */ = {isa = PBXBuildFile; fileRef = 1860219E272B9D8200BD4D02 /* Page3.swift */; };
		186021A2272B9DC800BD4D02 /* Page2.swift in Sources */ = {isa = PBXBuildFile; fileRef = 186021A1272B9DC800BD4D02 /* Page2.swift */; };
/* End PBXBuildFile section */

/* Begin PBXFileReference section */
		18602186272B8E7E00BD4D02 /* test02.app */ = {isa = PBXFileReference; explicitFileType = wrapper.application; includeInIndex = 0; path = test02.app; sourceTree = BUILT_PRODUCTS_DIR; };
		18602189272B8E7E00BD4D02 /* AppDelegate.swift */ = {isa = PBXFileReference; lastKnownFileType = sourcecode.swift; path = AppDelegate.swift; sourceTree = "<group>"; };
		1860218B272B8E7E00BD4D02 /* SceneDelegate.swift */ = {isa = PBXFileReference; lastKnownFileType = sourcecode.swift; path = SceneDelegate.swift; sourceTree = "<group>"; };
		1860218D272B8E7E00BD4D02 /* ViewController.swift */ = {isa = PBXFileReference; lastKnownFileType = sourcecode.swift; path = ViewController.swift; sourceTree = "<group>"; };
		18602190272B8E7E00BD4D02 /* Base */ = {isa = PBXFileReference; lastKnownFileType = file.storyboard; name = Base; path = Base.lproj/Main.storyboard; sourceTree = "<group>"; };
		18602192272B8E7E00BD4D02 /* Assets.xcassets */ = {isa = PBXFileReference; lastKnownFileType = folder.assetcatalog; path = Assets.xcassets; sourceTree = "<group>"; };
		18602195272B8E7E00BD4D02 /* Base */ = {isa = PBXFileReference; lastKnownFileType = file.storyboard; name = Base; path = Base.lproj/LaunchScreen.storyboard; sourceTree = "<group>"; };
		18602197272B8E7E00BD4D02 /* Info.plist */ = {isa = PBXFileReference; lastKnownFileType = text.plist.xml; path = Info.plist; sourceTree = "<group>"; };
		1860219E272B9D8200BD4D02 /* Page3.swift */ = {isa = PBXFileReference; lastKnownFileType = sourcecode.swift; path = Page3.swift; sourceTree = "<group>"; };
		186021A1272B9DC800BD4D02 /* Page2.swift */ = {isa = PBXFileReference; lastKnownFileType = sourcecode.swift; path = Page2.swift; sourceTree = SOURCE_ROOT; };
/* End PBXFileReference section */

/* Begin PBXFrameworksBuildPhase section */
		18602183272B8E7E00BD4D02 /* Frameworks */ = {
			isa = PBXFrameworksBuildPhase;
			buildActionMask = 2147483647;
			files = (
			);
			runOnlyForDeploymentPostprocessing = 0;
		};
/* End PBXFrameworksBuildPhase section */

/* Begin PBXGroup section */
		1860217D272B8E7E00BD4D02 = {
			isa = PBXGroup;
			children = (
				18602188272B8E7E00BD4D02 /* test02 */,
				18602187272B8E7E00BD4D02 /* Products */,
			);
			sourceTree = "<group>";
		};
		18602187272B8E7E00BD4D02 /* Products */ = {
			isa = PBXGroup;
			children = (
				18602186272B8E7E00BD4D02 /* test02.app */,
			);
			name = Products;
			sourceTree = "<group>";
		};
		18602188272B8E7E00BD4D02 /* test02 */ = {
			isa = PBXGroup;
			children = (
				1860219E272B9D8200BD4D02 /* Page3.swift */,
				18602189272B8E7E00BD4D02 /* AppDelegate.swift */,
				1860218B272B8E7E00BD4D02 /* SceneDelegate.swift */,
				1860218D272B8E7E00BD4D02 /* ViewController.swift */,
				1860218F272B8E7E00BD4D02 /* Main.storyboard */,
				18602192272B8E7E00BD4D02 /* Assets.xcassets */,
				18602194272B8E7E00BD4D02 /* LaunchScreen.storyboard */,
				18602197272B8E7E00BD4D02 /* Info.plist */,
				186021A1272B9DC800BD4D02 /* Page2.swift */,
			);
			path = test02;
			sourceTree = "<group>";
		};
/* End PBXGroup section */

/* Begin PBXNativeTarget section */
		18602185272B8E7E00BD4D02 /* test02 */ = {
			isa = PBXNativeTarget;
			buildConfigurationList = 1860219A272B8E7E00BD4D02 /* Build configuration list for PBXNativeTarget "test02" */;
			buildPhases = (
				18602182272B8E7E00BD4D02 /* Sources */,
				18602183272B8E7E00BD4D02 /* Frameworks */,
				18602184272B8E7E00BD4D02 /* Resources */,
			);
			buildRules = (
			);
			dependencies = (
			);
			name = test02;
			productName = test02;
			productReference = 18602186272B8E7E00BD4D02 /* test02.app */;
			productType = "com.apple.product-type.application";
		};
/* End PBXNativeTarget section */

/* Begin PBXProject section */
		1860217E272B8E7E00BD4D02 /* Project object */ = {
			isa = PBXProject;
			attributes = {
				LastSwiftUpdateCheck = 1200;
				LastUpgradeCheck = 1200;
				TargetAttributes = {
					18602185272B8E7E00BD4D02 = {
						CreatedOnToolsVersion = 12.0;
					};
				};
			};
			buildConfigurationList = 18602181272B8E7E00BD4D02 /* Build configuration list for PBXProject "test02" */;
			compatibilityVersion = "Xcode 9.3";
			developmentRegion = en;
			hasScannedForEncodings = 0;
			knownRegions = (
				en,
				Base,
			);
			mainGroup = 1860217D272B8E7E00BD4D02;
			productRefGroup = 18602187272B8E7E00BD4D02 /* Products */;
			projectDirPath = "";
			projectRoot = "";
			targets = (
				18602185272B8E7E00BD4D02 /* test02 */,
			);
		};
/* End PBXProject section */

/* Begin PBXResourcesBuildPhase section */
		18602184272B8E7E00BD4D02 /* Resources */ = {
			isa = PBXResourcesBuildPhase;
			buildActionMask = 2147483647;
			files = (
				18602196272B8E7E00BD4D02 /* LaunchScreen.storyboard in Resources */,
				18602193272B8E7E00BD4D02 /* Assets.xcassets in Resources */,
				18602191272B8E7E00BD4D02 /* Main.storyboard in Resources */,
			);
			runOnlyForDeploymentPostprocessing = 0;
		};
/* End PBXResourcesBuildPhase section */

/* Begin PBXSourcesBuildPhase section */
		18602182272B8E7E00BD4D02 /* Sources */ = {
			isa = PBXSourcesBuildPhase;
			buildActionMask = 2147483647;
			files = (
				1860218E272B8E7E00BD4D02 /* ViewController.swift in Sources */,
				1860218A272B8E7E00BD4D02 /* AppDelegate.swift in Sources */,
				1860219F272B9D8200BD4D02 /* Page3.swift in Sources */,
				1860218C272B8E7E00BD4D02 /* SceneDelegate.swift in Sources */,
				186021A2272B9DC800BD4D02 /* Page2.swift in Sources */,
			);
			runOnlyForDeploymentPostprocessing = 0;
		};
/* End PBXSourcesBuildPhase section */

/* Begin PBXVariantGroup section */
		1860218F272B8E7E00BD4D02 /* Main.storyboard */ = {
			isa = PBXVariantGroup;
			children = (
				18602190272B8E7E00BD4D02 /* Base */,
			);
			name = Main.storyboard;
			sourceTree = "<group>";
		};
		18602194272B8E7E00BD4D02 /* LaunchScreen.storyboard */ = {
			isa = PBXVariantGroup;
			children = (
				18602195272B8E7E00BD4D02 /* Base */,
			);
			name = LaunchScreen.storyboard;
			sourceTree = "<group>";
		};
/* End PBXVariantGroup section */

/* Begin XCBuildConfiguration section */
		18602198272B8E7E00BD4D02 /* Debug */ = {
			isa = XCBuildConfiguration;
			buildSettings = {
				ALWAYS_SEARCH_USER_PATHS = NO;
				CLANG_ANALYZER_NONNULL = YES;
				CLANG_ANALYZER_NUMBER_OBJECT_CONVERSION = YES_AGGRESSIVE;
				CLANG_CXX_LANGUAGE_STANDARD = "gnu++14";
				CLANG_CXX_LIBRARY = "libc++";
				CLANG_ENABLE_MODULES = YES;
				CLANG_ENABLE_OBJC_ARC = YES;
				CLANG_ENABLE_OBJC_WEAK = YES;
				CLANG_WARN_BLOCK_CAPTURE_AUTORELEASING = YES;
				CLANG_WARN_BOOL_CONVERSION = YES;
				CLANG_WARN_COMMA = YES;
				CLANG_WARN_CONSTANT_CONVERSION = YES;
				CLANG_WARN_DEPRECATED_OBJC_IMPLEMENTATIONS = YES;
				CLANG_WARN_DIRECT_OBJC_ISA_USAGE = YES_ERROR;
				CLANG_WARN_DOCUMENTATION_COMMENTS = YES;
				CLANG_WARN_EMPTY_BODY = YES;
				CLANG_WARN_ENUM_CONVERSION = YES;
				CLANG_WARN_INFINITE_RECURSION = YES;
				CLANG_WARN_INT_CONVERSION = YES;
				CLANG_WARN_NON_LITERAL_NULL_CONVERSION = YES;
				CLANG_WARN_OBJC_IMPLICIT_RETAIN_SELF = YES;
				CLANG_WARN_OBJC_LITERAL_CONVERSION = YES;
				CLANG_WARN_OBJC_ROOT_CLASS = YES_ERROR;
				CLANG_WARN_QUOTED_INCLUDE_IN_FRAMEWORK_HEADER = YES;
				CLANG_WARN_RANGE_LOOP_ANALYSIS = YES;
				CLANG_WARN_STRICT_PROTOTYPES = YES;
				CLANG_WARN_SUSPICIOUS_MOVE = YES;
				CLANG_WARN_UNGUARDED_AVAILABILITY = YES_AGGRESSIVE;
				CLANG_WARN_UNREACHABLE_CODE = YES;
				CLANG_WARN__DUPLICATE_METHOD_MATCH = YES;
				COPY_PHASE_STRIP = NO;
				DEBUG_INFORMATION_FORMAT = dwarf;
				ENABLE_STRICT_OBJC_MSGSEND = YES;
				ENABLE_TESTABILITY = YES;
				GCC_C_LANGUAGE_STANDARD = gnu11;
				GCC_DYNAMIC_NO_PIC = NO;
				GCC_NO_COMMON_BLOCKS = YES;
				GCC_OPTIMIZATION_LEVEL = 0;
				GCC_PREPROCESSOR_DEFINITIONS = (
					"DEBUG=1",
					"$(inherited)",
				);
				GCC_WARN_64_TO_32_BIT_CONVERSION = YES;
				GCC_WARN_ABOUT_RETURN_TYPE = YES_ERROR;
				GCC_WARN_UNDECLARED_SELECTOR = YES;
				GCC_WARN_UNINITIALIZED_AUTOS = YES_AGGRESSIVE;
				GCC_WARN_UNUSED_FUNCTION = YES;
				GCC_WARN_UNUSED_VARIABLE = YES;
				IPHONEOS_DEPLOYMENT_TARGET = 14.0;
				MTL_ENABLE_DEBUG_INFO = INCLUDE_SOURCE;
				MTL_FAST_MATH = YES;
				ONLY_ACTIVE_ARCH = YES;
				SDKROOT = iphoneos;
				SWIFT_ACTIVE_COMPILATION_CONDITIONS = DEBUG;
				SWIFT_OPTIMIZATION_LEVEL = "-Onone";
			};
			name = Debug;
		};
		18602199272B8E7E00BD4D02 /* Release */ = {
			isa = XCBuildConfiguration;
			buildSettings = {
				ALWAYS_SEARCH_USER_PATHS = NO;
				CLANG_ANALYZER_NONNULL = YES;
				CLANG_ANALYZER_NUMBER_OBJECT_CONVERSION = YES_AGGRESSIVE;
				CLANG_CXX_LANGUAGE_STANDARD = "gnu++14";
				CLANG_CXX_LIBRARY = "libc++";
				CLANG_ENABLE_MODULES = YES;
				CLANG_ENABLE_OBJC_ARC = YES;
				CLANG_ENABLE_OBJC_WEAK = YES;
				CLANG_WARN_BLOCK_CAPTURE_AUTORELEASING = YES;
				CLANG_WARN_BOOL_CONVERSION = YES;
				CLANG_WARN_COMMA = YES;
				CLANG_WARN_CONSTANT_CONVERSION = YES;
				CLANG_WARN_DEPRECATED_OBJC_IMPLEMENTATIONS = YES;
				CLANG_WARN_DIRECT_OBJC_ISA_USAGE = YES_ERROR;
				CLANG_WARN_DOCUMENTATION_COMMENTS = YES;
				CLANG_WARN_EMPTY_BODY = YES;
				CLANG_WARN_ENUM_CONVERSION = YES;
				CLANG_WARN_INFINITE_RECURSION = YES;
				CLANG_WARN_INT_CONVERSION = YES;
				CLANG_WARN_NON_LITERAL_NULL_CONVERSION = YES;
				CLANG_WARN_OBJC_IMPLICIT_RETAIN_SELF = YES;
				CLANG_WARN_OBJC_LITERAL_CONVERSION = YES;
				CLANG_WARN_OBJC_ROOT_CLASS = YES_ERROR;
				CLANG_WARN_QUOTED_INCLUDE_IN_FRAMEWORK_HEADER = YES;
				CLANG_WARN_RANGE_LOOP_ANALYSIS = YES;
				CLANG_WARN_STRICT_PROTOTYPES = YES;
				CLANG_WARN_SUSPICIOUS_MOVE = YES;
				CLANG_WARN_UNGUARDED_AVAILABILITY = YES_AGGRESSIVE;
				CLANG_WARN_UNREACHABLE_CODE = YES;
				CLANG_WARN__DUPLICATE_METHOD_MATCH = YES;
				COPY_PHASE_STRIP = NO;
				DEBUG_INFORMATION_FORMAT = "dwarf-with-dsym";
				ENABLE_NS_ASSERTIONS = NO;
				ENABLE_STRICT_OBJC_MSGSEND = YES;
				GCC_C_LANGUAGE_STANDARD = gnu11;
				GCC_NO_COMMON_BLOCKS = YES;
				GCC_WARN_64_TO_32_BIT_CONVERSION = YES;
				GCC_WARN_ABOUT_RETURN_TYPE = YES_ERROR;
				GCC_WARN_UNDECLARED_SELECTOR = YES;
				GCC_WARN_UNINITIALIZED_AUTOS = YES_AGGRESSIVE;
				GCC_WARN_UNUSED_FUNCTION = YES;
				GCC_WARN_UNUSED_VARIABLE = YES;
				IPHONEOS_DEPLOYMENT_TARGET = 14.0;
				MTL_ENABLE_DEBUG_INFO = NO;
				MTL_FAST_MATH = YES;
				SDKROOT = iphoneos;
				SWIFT_COMPILATION_MODE = wholemodule;
				SWIFT_OPTIMIZATION_LEVEL = "-O";
				VALIDATE_PRODUCT = YES;
			};
			name = Release;
		};
		1860219B272B8E7E00BD4D02 /* Debug */ = {
			isa = XCBuildConfiguration;
			buildSettings = {
				ASSETCATALOG_COMPILER_APPICON_NAME = AppIcon;
				ASSETCATALOG_COMPILER_GLOBAL_ACCENT_COLOR_NAME = AccentColor;
				CODE_SIGN_STYLE = Automatic;
				INFOPLIST_FILE = test02/Info.plist;
				LD_RUNPATH_SEARCH_PATHS = (
					"$(inherited)",
					"@executable_path/Frameworks",
				);
				PRODUCT_BUNDLE_IDENTIFIER = com.mega.test02;
				PRODUCT_NAME = "$(TARGET_NAME)";
				SWIFT_VERSION = 5.0;
				TARGETED_DEVICE_FAMILY = "1,2";
			};
			name = Debug;
		};
		1860219C272B8E7E00BD4D02 /* Release */ = {
			isa = XCBuildConfiguration;
			buildSettings = {
				ASSETCATALOG_COMPILER_APPICON_NAME = AppIcon;
				ASSETCATALOG_COMPILER_GLOBAL_ACCENT_COLOR_NAME = AccentColor;
				CODE_SIGN_STYLE = Automatic;
				INFOPLIST_FILE = test02/Info.plist;
				LD_RUNPATH_SEARCH_PATHS = (
					"$(inherited)",
					"@executable_path/Frameworks",
				);
				PRODUCT_BUNDLE_IDENTIFIER = com.mega.test02;
				PRODUCT_NAME = "$(TARGET_NAME)";
				SWIFT_VERSION = 5.0;
				TARGETED_DEVICE_FAMILY = "1,2";
			};
			name = Release;
		};
/* End XCBuildConfiguration section */

/* Begin XCConfigurationList section */
		18602181272B8E7E00BD4D02 /* Build configuration list for PBXProject "test02" */ = {
			isa = XCConfigurationList;
			buildConfigurations = (
				18602198272B8E7E00BD4D02 /* Debug */,
				18602199272B8E7E00BD4D02 /* Release */,
			);
			defaultConfigurationIsVisible = 0;
			defaultConfigurationName = Release;
		};
		1860219A272B8E7E00BD4D02 /* Build configuration list for PBXNativeTarget "test02" */ = {
			isa = XCConfigurationList;
			buildConfigurations = (
				1860219B272B8E7E00BD4D02 /* Debug */,
				1860219C272B8E7E00BD4D02 /* Release */,
			);
			defaultConfigurationIsVisible = 0;
			defaultConfigurationName = Release;
		};
/* End XCConfigurationList section */
	};
	rootObject = 1860217E272B8E7E00BD4D02 /* Project object */;
}
